
Microsoft Visual Studio Solution File, Format Version 12.00
# Visual Studio Version 17
VisualStudioVersion = 17.4.33205.214
MinimumVisualStudioVersion = 10.0.40219.1
Project("{FAE04EC0-301F-11D3-BF4B-00C04F79EFBC}") = "Paginacao", "Paginacao\Paginacao.csproj", "{CE519F71-BF2C-4924-9B11-D010C5D56520}"
EndProject
Global
	GlobalSection(SolutionConfigurationPlatforms) = preSolution
		Debug|Any CPU = Debug|Any CPU
		Release|Any CPU = Release|Any CPU
	EndGlobalSection
	GlobalSection(ProjectConfigurationPlatforms) = postSolution
		{CE519F71-BF2C-4924-9B11-D010C5D56520}.Debug|Any CPU.ActiveCfg = Debug|Any CPU
		{CE519F71-BF2C-4924-9B11-D010C5D56520}.Debug|Any CPU.Build.0 = Debug|Any CPU
		{CE519F71-BF2C-4924-9B11-D010C5D56520}.Release|Any CPU.ActiveCfg = Release|Any CPU
		{CE519F71-BF2C-4924-9B11-D010C5D56520}.Release|Any CPU.Build.0 = Release|Any CPU
	EndGlobalSection
	GlobalSection(SolutionProperties) = preSolution
		HideSolutionNode = FALSE
	EndGlobalSection
	GlobalSection(ExtensibilityGlobals) = postSolution
		SolutionGuid = {16641FAE-F522-4540-A500-54465AF974A7}
	EndGlobalSection
EndGlobal
